
Microsoft Visual Studio Solution File, Format Version 12.00
# Visual Studio 15
VisualStudioVersion = 15.0.28307.421
MinimumVisualStudioVersion = 10.0.40219.1
Project("{FAE04EC0-301F-11D3-BF4B-00C04F79EFBC}") = "D.VersionTool.Core", "D.VersionTool.Core\D.VersionTool.Core.csproj", "{B3819924-1476-423B-92E2-1D9BD81BBB88}"
EndProject
Project("{2150E333-8FDC-42A3-9474-1A3956D46DE8}") = "Src", "Src", "{CAB07CD6-F367-4AD3-A686-3B47BE98FF19}"
EndProject
Project("{2150E333-8FDC-42A3-9474-1A3956D46DE8}") = "Test", "Test", "{7F315587-C20A-432A-A5CC-F5951B20563E}"
EndProject
Project("{2150E333-8FDC-42A3-9474-1A3956D46DE8}") = "Example", "Example", "{1D7E4A73-588A-4AA4-9EC2-847B0F6330CB}"
EndProject
Global
	GlobalSection(SolutionConfigurationPlatforms) = preSolution
		Debug|Any CPU = Debug|Any CPU
		Release|Any CPU = Release|Any CPU
	EndGlobalSection
	GlobalSection(ProjectConfigurationPlatforms) = postSolution
		{B3819924-1476-423B-92E2-1D9BD81BBB88}.Debug|Any CPU.ActiveCfg = Debug|Any CPU
		{B3819924-1476-423B-92E2-1D9BD81BBB88}.Debug|Any CPU.Build.0 = Debug|Any CPU
		{B3819924-1476-423B-92E2-1D9BD81BBB88}.Release|Any CPU.ActiveCfg = Release|Any CPU
		{B3819924-1476-423B-92E2-1D9BD81BBB88}.Release|Any CPU.Build.0 = Release|Any CPU
	EndGlobalSection
	GlobalSection(SolutionProperties) = preSolution
		HideSolutionNode = FALSE
	EndGlobalSection
	GlobalSection(NestedProjects) = preSolution
		{B3819924-1476-423B-92E2-1D9BD81BBB88} = {CAB07CD6-F367-4AD3-A686-3B47BE98FF19}
	EndGlobalSection
	GlobalSection(ExtensibilityGlobals) = postSolution
		SolutionGuid = {CA6ABED3-2D05-4CA2-B28C-D061D5CA17B5}
	EndGlobalSection
EndGlobal
